
Microsoft Visual Studio Solution File, Format Version 12.00
# Visual Studio Version 16
VisualStudioVersion = 16.0.29728.190
MinimumVisualStudioVersion = 10.0.40219.1
Project("{FAE04EC0-301F-11D3-BF4B-00C04F79EFBC}") = "Hello Word", "Hello Word\Hello Word.csproj", "{28A2F733-1975-42B6-83E4-FC7EBDCFB0B9}"
EndProject
Global
	GlobalSection(SolutionConfigurationPlatforms) = preSolution
		Debug|Any CPU = Debug|Any CPU
		Release|Any CPU = Release|Any CPU
	EndGlobalSection
	GlobalSection(ProjectConfigurationPlatforms) = postSolution
		{28A2F733-1975-42B6-83E4-FC7EBDCFB0B9}.Debug|Any CPU.ActiveCfg = Debug|Any CPU
		{28A2F733-1975-42B6-83E4-FC7EBDCFB0B9}.Debug|Any CPU.Build.0 = Debug|Any CPU
		{28A2F733-1975-42B6-83E4-FC7EBDCFB0B9}.Release|Any CPU.ActiveCfg = Release|Any CPU
		{28A2F733-1975-42B6-83E4-FC7EBDCFB0B9}.Release|Any CPU.Build.0 = Release|Any CPU
	EndGlobalSection
	GlobalSection(SolutionProperties) = preSolution
		HideSolutionNode = FALSE
	EndGlobalSection
	GlobalSection(ExtensibilityGlobals) = postSolution
		SolutionGuid = {2E52EB39-4914-4765-854E-C10AB3C8AD52}
	EndGlobalSection
EndGlobal
